
Microsoft Visual Studio Solution File, Format Version 12.00
# Visual Studio 15
VisualStudioVersion = 15.0.28307.1321
MinimumVisualStudioVersion = 10.0.40219.1
Project("{8BC9CEB8-8B4A-11D0-8D11-00A0C91BC942}") = "QFileStudy", "QFileStudy.vcxproj", "{8A46956B-C974-31F7-8104-4C68EF1F9239}"
EndProject
Global
	GlobalSection(SolutionConfigurationPlatforms) = preSolution
		Debug|x64 = Debug|x64
		Release|x64 = Release|x64
	EndGlobalSection
	GlobalSection(ProjectConfigurationPlatforms) = postSolution
		{8A46956B-C974-31F7-8104-4C68EF1F9239}.Debug|x64.ActiveCfg = Debug|x64
		{8A46956B-C974-31F7-8104-4C68EF1F9239}.Debug|x64.Build.0 = Debug|x64
		{8A46956B-C974-31F7-8104-4C68EF1F9239}.Release|x64.ActiveCfg = Release|x64
		{8A46956B-C974-31F7-8104-4C68EF1F9239}.Release|x64.Build.0 = Release|x64
	EndGlobalSection
	GlobalSection(SolutionProperties) = preSolution
		HideSolutionNode = FALSE
	EndGlobalSection
	GlobalSection(ExtensibilityGlobals) = postSolution
		SolutionGuid = {2DB81B5D-2739-4FF4-B171-012A46DA3D70}
	EndGlobalSection
EndGlobal
